
Microsoft Visual Studio Solution File, Format Version 12.00
# Visual Studio Version 17
VisualStudioVersion = 17.13.35931.197
MinimumVisualStudioVersion = 10.0.40219.1
Project("{FAE04EC0-301F-11D3-BF4B-00C04F79EFBC}") = "Управление техникой", "Управление техникой\Управление техникой.csproj", "{12558864-DF0C-41D1-967E-45DC6DBA8060}"
EndProject
Project("{FAE04EC0-301F-11D3-BF4B-00C04F79EFBC}") = "Flauitests", "Flauitests\Flauitests.csproj", "{4E9EB065-6F3A-4CE1-9E3B-D312FEC0CABC}"
EndProject
Global
	GlobalSection(SolutionConfigurationPlatforms) = preSolution
		Debug|Any CPU = Debug|Any CPU
		Release|Any CPU = Release|Any CPU
	EndGlobalSection
	GlobalSection(ProjectConfigurationPlatforms) = postSolution
		{12558864-DF0C-41D1-967E-45DC6DBA8060}.Debug|Any CPU.ActiveCfg = Debug|Any CPU
		{12558864-DF0C-41D1-967E-45DC6DBA8060}.Debug|Any CPU.Build.0 = Debug|Any CPU
		{12558864-DF0C-41D1-967E-45DC6DBA8060}.Release|Any CPU.ActiveCfg = Release|Any CPU
		{12558864-DF0C-41D1-967E-45DC6DBA8060}.Release|Any CPU.Build.0 = Release|Any CPU
		{4E9EB065-6F3A-4CE1-9E3B-D312FEC0CABC}.Debug|Any CPU.ActiveCfg = Debug|Any CPU
		{4E9EB065-6F3A-4CE1-9E3B-D312FEC0CABC}.Debug|Any CPU.Build.0 = Debug|Any CPU
		{4E9EB065-6F3A-4CE1-9E3B-D312FEC0CABC}.Release|Any CPU.ActiveCfg = Release|Any CPU
		{4E9EB065-6F3A-4CE1-9E3B-D312FEC0CABC}.Release|Any CPU.Build.0 = Release|Any CPU
	EndGlobalSection
	GlobalSection(SolutionProperties) = preSolution
		HideSolutionNode = FALSE
	EndGlobalSection
	GlobalSection(ExtensibilityGlobals) = postSolution
		SolutionGuid = {169F603E-6BF0-43B4-A643-DC977D06B123}
	EndGlobalSection
EndGlobal
